schema: '2.0'
stages:
  data_preparation:
    cmd: python src/data_preparation.py
    deps:
    - path: data/raw/real_estate.csv
      hash: md5
      md5: 3f0e40254be0c71161a59324c9c1ce62
      size: 12418840
    - path: src/data_preparation.py
      hash: md5
      md5: c6a568cb366b97e3833975bc6a5c9386
      size: 4033
    params:
      params.yaml:
        Data_Preparation.random_state: 43
        Data_Preparation.test_size: 0.2
    outs:
    - path: data/interim/test.csv
      hash: md5
      md5: 9779d288555dbfaadf194f63fe8437de
      size: 881948
    - path: data/interim/train.csv
      hash: md5
      md5: 59b35b3087bc644dd0f9e2b72376533a
      size: 3524282
  data_preprocessing:
    cmd: python src/data_preprocessing.py
    deps:
    - path: data/interim/test.csv
      hash: md5
      md5: 9779d288555dbfaadf194f63fe8437de
      size: 881948
    - path: data/interim/train.csv
      hash: md5
      md5: 59b35b3087bc644dd0f9e2b72376533a
      size: 3524282
    - path: src/data_preprocessing.py
      hash: md5
      md5: ef57f0fa4d23dceaea69d2897526f288
      size: 6191
    outs:
    - path: data/processed/test_trans.csv
      hash: md5
      md5: aaad706ab4294a972d81389fc218591b
      size: 1014884
    - path: data/processed/train_trans.csv
      hash: md5
      md5: efaa35a3c423415c026951d558731fac
      size: 4058269
    - path: models/preprocesser.joblib
      hash: md5
      md5: f14d08fa3e609fb102bc36baa9c8d63c
      size: 30739
  train:
    cmd: python src/modeling/train.py
    deps:
    - path: data/processed/test_trans.csv
      hash: md5
      md5: aaad706ab4294a972d81389fc218591b
      size: 1014884
    - path: data/processed/train_trans.csv
      hash: md5
      md5: efaa35a3c423415c026951d558731fac
      size: 4058269
    - path: models/preprocesser.joblib
      hash: md5
      md5: f14d08fa3e609fb102bc36baa9c8d63c
      size: 30739
    - path: src/modeling/train.py
      hash: md5
      md5: 71406a4e2128873311988c9a7ed8eddb
      size: 4283
    outs:
    - path: models/log_transformer.joblib
      hash: md5
      md5: cfd0fc367923f77a550fd3d02147dd27
      size: 281
    - path: models/model.joblib
      hash: md5
      md5: 4baec2bce4c68200c7fc4408c3e8a62e
      size: 1114600
  evaluate:
    cmd: python src/modeling/evaluation.py
    deps:
    - path: data/processed/test_trans.csv
      hash: md5
      md5: aaad706ab4294a972d81389fc218591b
      size: 1014884
    - path: data/processed/train_trans.csv
      hash: md5
      md5: efaa35a3c423415c026951d558731fac
      size: 4058269
    - path: models/model.joblib
      hash: md5
      md5: 4baec2bce4c68200c7fc4408c3e8a62e
      size: 1114600
    - path: src/modeling/evaluation.py
      hash: md5
      md5: b5badcc7c0c9cba700e5a9997fc6c180
      size: 6229
    outs:
    - path: run_information.json
      hash: md5
      md5: 0321885ebe1faef6967a43c808532c82
      size: 223
  model_registry:
    cmd: python src/modeling/model_registry.py
    deps:
    - path: run_information.json
      hash: md5
      md5: 0321885ebe1faef6967a43c808532c82
      size: 223
    - path: src/modeling/model_registry.py
      hash: md5
      md5: e8070ec98afd116a514a0c4c6e4c554d
      size: 2379
