schema: '2.0'
stages:
  data_preparation:
    cmd: python src/data_preparation.py
    deps:
    - path: data/raw/real_estate.csv
      hash: md5
      md5: 3f0e40254be0c71161a59324c9c1ce62
      size: 12418840
    - path: src/data_preparation.py
      hash: md5
      md5: c6a568cb366b97e3833975bc6a5c9386
      size: 4033
    params:
      params.yaml:
        Data_Preparation.random_state: 42
        Data_Preparation.test_size: 0.2
    outs:
    - path: data/interim/test.csv
      hash: md5
      md5: 8a077ccc6a6f189cb58f9e07c0891359
      size: 881012
    - path: data/interim/train.csv
      hash: md5
      md5: bdf8a67ddc4407a9637961b18c4f3a73
      size: 3525218
  data_preprocessing:
    cmd: python src/data_preprocessing.py
    deps:
    - path: data/interim/test.csv
      hash: md5
      md5: 8a077ccc6a6f189cb58f9e07c0891359
      size: 881012
    - path: data/interim/train.csv
      hash: md5
      md5: bdf8a67ddc4407a9637961b18c4f3a73
      size: 3525218
    - path: src/data_preprocessing.py
      hash: md5
      md5: ef57f0fa4d23dceaea69d2897526f288
      size: 6191
    outs:
    - path: data/processed/test_trans.csv
      hash: md5
      md5: fd62077bc447c6fcc8ab7df1d86cd2ee
      size: 1020830
    - path: data/processed/train_trans.csv
      hash: md5
      md5: bcf437d73a195787d6bb395657400005
      size: 4079128
    - path: models/preprocesser.joblib
      hash: md5
      md5: 4c0952a515e6838b983b3d6c172cc35d
      size: 30739
  train:
    cmd: python src/modeling/train.py
    deps:
    - path: data/processed/test_trans.csv
      hash: md5
      md5: fd62077bc447c6fcc8ab7df1d86cd2ee
      size: 1020830
    - path: data/processed/train_trans.csv
      hash: md5
      md5: bcf437d73a195787d6bb395657400005
      size: 4079128
    - path: models/preprocesser.joblib
      hash: md5
      md5: 4c0952a515e6838b983b3d6c172cc35d
      size: 30739
    - path: src/modeling/train.py
      hash: md5
      md5: 71406a4e2128873311988c9a7ed8eddb
      size: 4283
    outs:
    - path: models/log_transformer.joblib
      hash: md5
      md5: cfd0fc367923f77a550fd3d02147dd27
      size: 281
    - path: models/model.joblib
      hash: md5
      md5: dbfa17e3433ed650752ed4cd3ea604f1
      size: 1495256
  evaluate:
    cmd: python src/modeling/evaluation.py
    deps:
    - path: data/processed/test_trans.csv
      hash: md5
      md5: fd62077bc447c6fcc8ab7df1d86cd2ee
      size: 1020830
    - path: data/processed/train_trans.csv
      hash: md5
      md5: bcf437d73a195787d6bb395657400005
      size: 4079128
    - path: models/model.joblib
      hash: md5
      md5: dbfa17e3433ed650752ed4cd3ea604f1
      size: 1495256
    - path: src/modeling/evaluation.py
      hash: md5
      md5: b5badcc7c0c9cba700e5a9997fc6c180
      size: 6229
    outs:
    - path: run_information.json
      hash: md5
      md5: 007cf6a7abb798bf9ea4dcf20959d137
      size: 223
  model_registry:
    cmd: python src/modeling/model_registry.py
    deps:
    - path: run_information.json
      hash: md5
      md5: 007cf6a7abb798bf9ea4dcf20959d137
      size: 223
    - path: src/modeling/model_registry.py
      hash: md5
      md5: e8070ec98afd116a514a0c4c6e4c554d
      size: 2379
